{
  "lockfile_version": "1",
  "packages": {
    "github:NixOS/nixpkgs/nixpkgs-unstable": {
      "last_modified": "2026-01-10T08:02:33Z",
      "resolved": "github:NixOS/nixpkgs/3146c6aa9995e7351a398e17470e15305e6e18ff?lastModified=1768032153&narHash=sha256-6kD1MdY9fsE6FgSwdnx29hdH2UcBKs3%2F%2BJJleMShuJg%3D"
    },
    "playwright@1.59.1": {
      "last_modified": "2026-04-30T11:26:30Z",
      "resolved": "github:NixOS/nixpkgs/7aaa00e7cc9be6c316cb5f6617bd740dd435c59d#playwright",
      "source": "devbox-search",
      "version": "1.59.1",
      "systems": {
        "aarch64-darwin": {
          "outputs": [
            {
              "name": "out",
              "path": "/nix/store/ryrbklwx4fm57djibvxz9skvc8nm1r1d-playwright-core-1.59.1",
              "default": true
            }
          ],
          "store_path": "/nix/store/ryrbklwx4fm57djibvxz9skvc8nm1r1d-playwright-core-1.59.1"
        },
        "aarch64-linux": {
          "outputs": [
            {
              "name": "out",
              "path": "/nix/store/kzhra5kizi6rsmlnlk0m0ayynlw7cixm-playwright-core-1.59.1",
              "default": true
            }
          ],
          "store_path": "/nix/store/kzhra5kizi6rsmlnlk0m0ayynlw7cixm-playwright-core-1.59.1"
        },
        "x86_64-darwin": {
          "outputs": [
            {
              "name": "out",
              "path": "/nix/store/25k0vryiwd4l94pwf7ryzq14z31063s3-playwright-core-1.59.1",
              "default": true
            }
          ],
          "store_path": "/nix/store/25k0vryiwd4l94pwf7ryzq14z31063s3-playwright-core-1.59.1"
        },
        "x86_64-linux": {
          "outputs": [
            {
              "name": "out",
              "path": "/nix/store/jzdig02pgpjxqh2ghpvf4ba2zki9vfka-playwright-core-1.59.1",
              "default": true
            }
          ],
          "store_path": "/nix/store/jzdig02pgpjxqh2ghpvf4ba2zki9vfka-playwright-core-1.59.1"
        }
      }
    },
    "python313Packages.playwright@1.59.0": {
      "last_modified": "2026-04-30T11:26:30Z",
      "resolved": "github:NixOS/nixpkgs/7aaa00e7cc9be6c316cb5f6617bd740dd435c59d#python313Packages.playwright",
      "source": "devbox-search",
      "version": "1.59.0",
      "systems": {
        "aarch64-darwin": {
          "outputs": [
            {
              "name": "out",
              "path": "/nix/store/iznk8h4szh4x0q2sp6cp7zm5g3i6cvc0-python3.13-playwright-1.59.0",
              "default": true
            },
            {
              "name": "dist",
              "path": "/nix/store/k3h7gfzfcf5pvw7bf83kqj06kxhp57h3-python3.13-playwright-1.59.0-dist"
            }
          ],
          "store_path": "/nix/store/iznk8h4szh4x0q2sp6cp7zm5g3i6cvc0-python3.13-playwright-1.59.0"
        },
        "aarch64-linux": {
          "outputs": [
            {
              "name": "out",
              "path": "/nix/store/3crmnqbgi5sipd7ghm465jvcpcm12fmn-python3.13-playwright-1.59.0",
              "default": true
            },
            {
              "name": "dist",
              "path": "/nix/store/dykyfn3l37wj6fslfs4p9hjlwgkx0zwa-python3.13-playwright-1.59.0-dist"
            }
          ],
          "store_path": "/nix/store/3crmnqbgi5sipd7ghm465jvcpcm12fmn-python3.13-playwright-1.59.0"
        },
        "x86_64-darwin": {
          "outputs": [
            {
              "name": "out",
              "path": "/nix/store/wa205mrac0qngap6kif3ca8ib9jv8fsh-python3.13-playwright-1.59.0",
              "default": true
            },
            {
              "name": "dist",
              "path": "/nix/store/5d40byiip9kqznfwb0dch5hjwfss4cw0-python3.13-playwright-1.59.0-dist"
            }
          ],
          "store_path": "/nix/store/wa205mrac0qngap6kif3ca8ib9jv8fsh-python3.13-playwright-1.59.0"
        },
        "x86_64-linux": {
          "outputs": [
            {
              "name": "out",
              "path": "/nix/store/s98fcjd7343ma6cx0q5p1gxpnmay57yj-python3.13-playwright-1.59.0",
              "default": true
            },
            {
              "name": "dist",
              "path": "/nix/store/lyz6hklac3fqhy7gpiyr3k800mwm374r-python3.13-playwright-1.59.0-dist"
            }
          ],
          "store_path": "/nix/store/s98fcjd7343ma6cx0q5p1gxpnmay57yj-python3.13-playwright-1.59.0"
        }
      }
    }
  }
}
