{
  "lockfile_version": "1",
  "packages": {
    "github:NixOS/nixpkgs/nixpkgs-unstable": {
      "last_modified": "2026-01-10T08:02:33Z",
      "resolved": "github:NixOS/nixpkgs/3146c6aa9995e7351a398e17470e15305e6e18ff?lastModified=1768032153&narHash=sha256-6kD1MdY9fsE6FgSwdnx29hdH2UcBKs3%2F%2BJJleMShuJg%3D"
    },
    "playwright@1.61.1": {
      "last_modified": "2026-08-27T07:16:00Z",
      "resolved": "github:NixOS/nixpkgs/c27cdad491a991b11ed731760aa2ef8db0cb0410#playwright",
      "source": "devbox-search",
      "version": "1.61.1",
      "systems": {
        "aarch64-darwin": {
          "outputs": [
            {
              "name": "out",
              "path": "/nix/store/s60zw38fzyjn1vf9n82z60k5jrmb6526-playwright-core-1.61.1",
              "default": true
            }
          ],
          "store_path": "/nix/store/s60zw38fzyjn1vf9n82z60k5jrmb6526-playwright-core-1.61.1"
        },
        "aarch64-linux": {
          "outputs": [
            {
              "name": "out",
              "path": "/nix/store/d1mrkv94678ha12dy0r3sc0xr900bh8m-playwright-core-1.61.1",
              "default": true
            }
          ],
          "store_path": "/nix/store/d1mrkv94678ha12dy0r3sc0xr900bh8m-playwright-core-1.61.1"
        },
        "x86_64-darwin": {
          "outputs": [
            {
              "name": "out",
              "path": "/nix/store/r3kn5qv4cldg6gaiq07wry5ajcmhbvvz-playwright-core-1.61.1",
              "default": true
            }
          ],
          "store_path": "/nix/store/r3kn5qv4cldg6gaiq07wry5ajcmhbvvz-playwright-core-1.61.1"
        },
        "x86_64-linux": {
          "outputs": [
            {
              "name": "out",
              "path": "/nix/store/3wcazd023xpnx9pv49xaiq82ym09m8c1-playwright-core-1.61.1",
              "default": true
            }
          ],
          "store_path": "/nix/store/3wcazd023xpnx9pv49xaiq82ym09m8c1-playwright-core-1.61.1"
        }
      }
    },
    "python313Packages.playwright@1.61.0": {
      "last_modified": "2026-08-27T07:16:00Z",
      "resolved": "github:NixOS/nixpkgs/c27cdad491a991b11ed731760aa2ef8db0cb0410#python313Packages.playwright",
      "source": "devbox-search",
      "version": "1.61.0",
      "systems": {
        "aarch64-darwin": {
          "outputs": [
            {
              "name": "out",
              "path": "/nix/store/5dnd0qrqxcq8p067cc6hjyfp6zsf5bw4-python3.13-playwright-1.61.0",
              "default": true
            },
            {
              "name": "dist",
              "path": "/nix/store/f4z87jdn9dc0drvz68sf5krfamxkmd76-python3.13-playwright-1.61.0-dist"
            }
          ],
          "store_path": "/nix/store/5dnd0qrqxcq8p067cc6hjyfp6zsf5bw4-python3.13-playwright-1.61.0"
        },
        "aarch64-linux": {
          "outputs": [
            {
              "name": "out",
              "path": "/nix/store/212aj68c8g05bp7qhsxv9ysk9qm7syq7-python3.13-playwright-1.61.0",
              "default": true
            },
            {
              "name": "dist",
              "path": "/nix/store/2jx2j5dnqcb4w5lsvzgch7c6zxfdx6q7-python3.13-playwright-1.61.0-dist"
            }
          ],
          "store_path": "/nix/store/212aj68c8g05bp7qhsxv9ysk9qm7syq7-python3.13-playwright-1.61.0"
        },
        "x86_64-darwin": {
          "outputs": [
            {
              "name": "out",
              "path": "/nix/store/33ddykiyjqjj8xb8b61ngzad490i3i2b-python3.13-playwright-1.61.0",
              "default": true
            },
            {
              "name": "dist",
              "path": "/nix/store/2b9ay7ccsxqmx1y0g1w2dddid8qwcqhv-python3.13-playwright-1.61.0-dist"
            }
          ],
          "store_path": "/nix/store/33ddykiyjqjj8xb8b61ngzad490i3i2b-python3.13-playwright-1.61.0"
        },
        "x86_64-linux": {
          "outputs": [
            {
              "name": "out",
              "path": "/nix/store/3j01qmkbpbj5nfvy4qhrwgyvsw3gz70r-python3.13-playwright-1.61.0",
              "default": true
            },
            {
              "name": "dist",
              "path": "/nix/store/x0lqcx8vbwmm9dhqgaj84cir4xhxnh5s-python3.13-playwright-1.61.0-dist"
            }
          ],
          "store_path": "/nix/store/3j01qmkbpbj5nfvy4qhrwgyvsw3gz70r-python3.13-playwright-1.61.0"
        }
      }
    }
  }
}
